
Microsoft Visual Studio Solution File, Format Version 12.00
# Visual Studio Version 16
VisualStudioVersion = 16.0.28803.202
MinimumVisualStudioVersion = 10.0.40219.1
Project("{FAE04EC0-301F-11D3-BF4B-00C04F79EFBC}") = "xml_veeb", "xml_veeb\xml_veeb.csproj", "{1E55B12F-1BEA-4A1A-B3FC-65403D0D954A}"
EndProject
Global
	GlobalSection(SolutionConfigurationPlatforms) = preSolution
		Debug|Any CPU = Debug|Any CPU
		Release|Any CPU = Release|Any CPU
	EndGlobalSection
	GlobalSection(ProjectConfigurationPlatforms) = postSolution
		{1E55B12F-1BEA-4A1A-B3FC-65403D0D954A}.Debug|Any CPU.ActiveCfg = Debug|Any CPU
		{1E55B12F-1BEA-4A1A-B3FC-65403D0D954A}.Debug|Any CPU.Build.0 = Debug|Any CPU
		{1E55B12F-1BEA-4A1A-B3FC-65403D0D954A}.Release|Any CPU.ActiveCfg = Release|Any CPU
		{1E55B12F-1BEA-4A1A-B3FC-65403D0D954A}.Release|Any CPU.Build.0 = Release|Any CPU
	EndGlobalSection
	GlobalSection(SolutionProperties) = preSolution
		HideSolutionNode = FALSE
	EndGlobalSection
	GlobalSection(ExtensibilityGlobals) = postSolution
		SolutionGuid = {F68CB626-80F1-490F-B0A1-E32B9C3810AB}
	EndGlobalSection
EndGlobal
